
Microsoft Visual Studio Solution File, Format Version 12.00
# Visual Studio Version 17
VisualStudioVersion = 17.7.34202.233
MinimumVisualStudioVersion = 10.0.40219.1
Project("{9A19103F-16F7-4668-BE54-9A1E7A4F7556}") = "UserTesting.API", "UserTesting.API\UserTesting.API.csproj", "{0A8B3B63-DC0F-4E5E-A68D-A40EEE69514A}"
	ProjectSection(ProjectDependencies) = postProject
		{05F78322-515C-4918-84EE-F9CABCBA2C90} = {05F78322-515C-4918-84EE-F9CABCBA2C90}
		{77D12FD4-FBBF-4B14-AF5A-BEF7D5F85B28} = {77D12FD4-FBBF-4B14-AF5A-BEF7D5F85B28}
	EndProjectSection
EndProject
Project("{9A19103F-16F7-4668-BE54-9A1E7A4F7556}") = "UserTesting.DAL", "UserTesting.DAL\UserTesting.DAL.csproj", "{05F78322-515C-4918-84EE-F9CABCBA2C90}"
EndProject
Project("{9A19103F-16F7-4668-BE54-9A1E7A4F7556}") = "UserTesting.BLL", "UserTesting.BLL\UserTesting.BLL.csproj", "{77D12FD4-FBBF-4B14-AF5A-BEF7D5F85B28}"
	ProjectSection(ProjectDependencies) = postProject
		{05F78322-515C-4918-84EE-F9CABCBA2C90} = {05F78322-515C-4918-84EE-F9CABCBA2C90}
	EndProjectSection
EndProject
Project("{9A19103F-16F7-4668-BE54-9A1E7A4F7556}") = "UserTesting.DAL.Tests", "UserTesting.DAL.Tests\UserTesting.DAL.Tests.csproj", "{43F1A936-F8DB-46CC-99F2-70065A118917}"
	ProjectSection(ProjectDependencies) = postProject
		{05F78322-515C-4918-84EE-F9CABCBA2C90} = {05F78322-515C-4918-84EE-F9CABCBA2C90}
	EndProjectSection
EndProject
Project("{9A19103F-16F7-4668-BE54-9A1E7A4F7556}") = "UserTesting.BLL.Tests", "UserTesting.BLL.Tests\UserTesting.BLL.Tests.csproj", "{F3D20138-01E7-4EC0-9F1A-A1B45C1345CF}"
EndProject
Project("{9A19103F-16F7-4668-BE54-9A1E7A4F7556}") = "UserTesting.API.Tests", "UserTesting.API.Tests\UserTesting.API.Tests.csproj", "{9E8C6598-7901-4FDD-B9CB-603990AA7339}"
	ProjectSection(ProjectDependencies) = postProject
		{05F78322-515C-4918-84EE-F9CABCBA2C90} = {05F78322-515C-4918-84EE-F9CABCBA2C90}
		{0A8B3B63-DC0F-4E5E-A68D-A40EEE69514A} = {0A8B3B63-DC0F-4E5E-A68D-A40EEE69514A}
		{77D12FD4-FBBF-4B14-AF5A-BEF7D5F85B28} = {77D12FD4-FBBF-4B14-AF5A-BEF7D5F85B28}
	EndProjectSection
EndProject
Project("{E53339B2-1760-4266-BCC7-CA923CBCF16C}") = "docker-compose", "docker-compose.dcproj", "{206F9FE5-2CE8-4AC6-9234-0D305EB5348E}"
EndProject
Project("{2150E333-8FDC-42A3-9474-1A3956D46DE8}") = "Solution Items", "Solution Items", "{3E75CB6C-CE97-447D-9A77-57B9504BE3BD}"
	ProjectSection(SolutionItems) = preProject
		..\README.MD = ..\README.MD
		..\Screenshots\Screenshot 2023-10-17 174643.png = ..\Screenshots\Screenshot 2023-10-17 174643.png
		..\Screenshots\Screenshot 2023-10-17 174735.png = ..\Screenshots\Screenshot 2023-10-17 174735.png
	EndProjectSection
EndProject
Project("{2150E333-8FDC-42A3-9474-1A3956D46DE8}") = "Screenshots", "Screenshots", "{2D66B468-0D5B-4792-927A-194B4E71B6A9}"
	ProjectSection(SolutionItems) = preProject
		..\..\Screenshot 2023-10-17 174301.png = ..\..\Screenshot 2023-10-17 174301.png
	EndProjectSection
EndProject
Global
	GlobalSection(SolutionConfigurationPlatforms) = preSolution
		Debug|Any CPU = Debug|Any CPU
		Release|Any CPU = Release|Any CPU
	EndGlobalSection
	GlobalSection(ProjectConfigurationPlatforms) = postSolution
		{0A8B3B63-DC0F-4E5E-A68D-A40EEE69514A}.Debug|Any CPU.ActiveCfg = Debug|Any CPU
		{0A8B3B63-DC0F-4E5E-A68D-A40EEE69514A}.Debug|Any CPU.Build.0 = Debug|Any CPU
		{0A8B3B63-DC0F-4E5E-A68D-A40EEE69514A}.Release|Any CPU.ActiveCfg = Release|Any CPU
		{0A8B3B63-DC0F-4E5E-A68D-A40EEE69514A}.Release|Any CPU.Build.0 = Release|Any CPU
		{05F78322-515C-4918-84EE-F9CABCBA2C90}.Debug|Any CPU.ActiveCfg = Debug|Any CPU
		{05F78322-515C-4918-84EE-F9CABCBA2C90}.Debug|Any CPU.Build.0 = Debug|Any CPU
		{05F78322-515C-4918-84EE-F9CABCBA2C90}.Release|Any CPU.ActiveCfg = Release|Any CPU
		{05F78322-515C-4918-84EE-F9CABCBA2C90}.Release|Any CPU.Build.0 = Release|Any CPU
		{77D12FD4-FBBF-4B14-AF5A-BEF7D5F85B28}.Debug|Any CPU.ActiveCfg = Debug|Any CPU
		{77D12FD4-FBBF-4B14-AF5A-BEF7D5F85B28}.Debug|Any CPU.Build.0 = Debug|Any CPU
		{77D12FD4-FBBF-4B14-AF5A-BEF7D5F85B28}.Release|Any CPU.ActiveCfg = Release|Any CPU
		{77D12FD4-FBBF-4B14-AF5A-BEF7D5F85B28}.Release|Any CPU.Build.0 = Release|Any CPU
		{43F1A936-F8DB-46CC-99F2-70065A118917}.Debug|Any CPU.ActiveCfg = Debug|Any CPU
		{43F1A936-F8DB-46CC-99F2-70065A118917}.Debug|Any CPU.Build.0 = Debug|Any CPU
		{43F1A936-F8DB-46CC-99F2-70065A118917}.Release|Any CPU.ActiveCfg = Release|Any CPU
		{43F1A936-F8DB-46CC-99F2-70065A118917}.Release|Any CPU.Build.0 = Release|Any CPU
		{F3D20138-01E7-4EC0-9F1A-A1B45C1345CF}.Debug|Any CPU.ActiveCfg = Debug|Any CPU
		{F3D20138-01E7-4EC0-9F1A-A1B45C1345CF}.Debug|Any CPU.Build.0 = Debug|Any CPU
		{F3D20138-01E7-4EC0-9F1A-A1B45C1345CF}.Release|Any CPU.ActiveCfg = Release|Any CPU
		{F3D20138-01E7-4EC0-9F1A-A1B45C1345CF}.Release|Any CPU.Build.0 = Release|Any CPU
		{9E8C6598-7901-4FDD-B9CB-603990AA7339}.Debug|Any CPU.ActiveCfg = Debug|Any CPU
		{9E8C6598-7901-4FDD-B9CB-603990AA7339}.Debug|Any CPU.Build.0 = Debug|Any CPU
		{9E8C6598-7901-4FDD-B9CB-603990AA7339}.Release|Any CPU.ActiveCfg = Release|Any CPU
		{9E8C6598-7901-4FDD-B9CB-603990AA7339}.Release|Any CPU.Build.0 = Release|Any CPU
		{206F9FE5-2CE8-4AC6-9234-0D305EB5348E}.Debug|Any CPU.ActiveCfg = Debug|Any CPU
		{206F9FE5-2CE8-4AC6-9234-0D305EB5348E}.Debug|Any CPU.Build.0 = Debug|Any CPU
		{206F9FE5-2CE8-4AC6-9234-0D305EB5348E}.Release|Any CPU.ActiveCfg = Release|Any CPU
		{206F9FE5-2CE8-4AC6-9234-0D305EB5348E}.Release|Any CPU.Build.0 = Release|Any CPU
	EndGlobalSection
	GlobalSection(SolutionProperties) = preSolution
		HideSolutionNode = FALSE
	EndGlobalSection
	GlobalSection(NestedProjects) = preSolution
		{2D66B468-0D5B-4792-927A-194B4E71B6A9} = {3E75CB6C-CE97-447D-9A77-57B9504BE3BD}
	EndGlobalSection
	GlobalSection(ExtensibilityGlobals) = postSolution
		SolutionGuid = {7655BAA1-215F-4673-AF8B-F1AB916114B3}
	EndGlobalSection
EndGlobal
